// !$*UTF8*$!
{
	archiveVersion = 1;
	classes = {
	};
	objectVersion = 56;
	objects = {

/* Begin PBXBuildFile section */
		C244E3C82911BD9B00995F49 /* AppDelegate.swift in Sources */ = {isa = PBXBuildFile; fileRef = C244E3C72911BD9B00995F49 /* AppDelegate.swift */; };
		C244E3CA2911BD9B00995F49 /* SceneDelegate.swift in Sources */ = {isa = PBXBuildFile; fileRef = C244E3C92911BD9B00995F49 /* SceneDelegate.swift */; };
		C244E3CC2911BD9B00995F49 /* ViewController.swift in Sources */ = {isa = PBXBuildFile; fileRef = C244E3CB2911BD9B00995F49 /* ViewController.swift */; };
		C244E3CF2911BD9B00995F49 /* Main.storyboard in Resources */ = {isa = PBXBuildFile; fileRef = C244E3CD2911BD9B00995F49 /* Main.storyboard */; };
		C244E3D12911BDA200995F49 /* Assets.xcassets in Resources */ = {isa = PBXBuildFile; fileRef = C244E3D02911BDA200995F49 /* Assets.xcassets */; };
		C244E3D42911BDA200995F49 /* LaunchScreen.storyboard in Resources */ = {isa = PBXBuildFile; fileRef = C244E3D22911BDA200995F49 /* LaunchScreen.storyboard */; };
		C244E3DF2911BDA300995F49 /* ContactListTests.swift in Sources */ = {isa = PBXBuildFile; fileRef = C244E3DE2911BDA300995F49 /* ContactListTests.swift */; };
		C244E3E92911BDA300995F49 /* ContactListUITests.swift in Sources */ = {isa = PBXBuildFile; fileRef = C244E3E82911BDA300995F49 /* ContactListUITests.swift */; };
		C244E3EB2911BDA300995F49 /* ContactListUITestsLaunchTests.swift in Sources */ = {isa = PBXBuildFile; fileRef = C244E3EA2911BDA300995F49 /* ContactListUITestsLaunchTests.swift */; };
		C244E3FE2911BF2D00995F49 /* PersonTests.swift in Sources */ = {isa = PBXBuildFile; fileRef = C244E3FD2911BF2D00995F49 /* PersonTests.swift */; };
		C244E4002918303200995F49 /* Person.swift in Sources */ = {isa = PBXBuildFile; fileRef = C244E3FF2918303200995F49 /* Person.swift */; };
/* End PBXBuildFile section */

/* Begin PBXContainerItemProxy section */
		C244E3DB2911BDA300995F49 /* PBXContainerItemProxy */ = {
			isa = PBXContainerItemProxy;
			containerPortal = C244E3BC2911BD9B00995F49 /* Project object */;
			proxyType = 1;
			remoteGlobalIDString = C244E3C32911BD9B00995F49;
			remoteInfo = ContactList;
		};
		C244E3E52911BDA300995F49 /* PBXContainerItemProxy */ = {
			isa = PBXContainerItemProxy;
			containerPortal = C244E3BC2911BD9B00995F49 /* Project object */;
			proxyType = 1;
			remoteGlobalIDString = C244E3C32911BD9B00995F49;
			remoteInfo = ContactList;
		};
/* End PBXContainerItemProxy section */

/* Begin PBXFileReference section */
		C244E3C42911BD9B00995F49 /* ContactList.app */ = {isa = PBXFileReference; explicitFileType = wrapper.application; includeInIndex = 0; path = ContactList.app; sourceTree = BUILT_PRODUCTS_DIR; };
		C244E3C72911BD9B00995F49 /* AppDelegate.swift */ = {isa = PBXFileReference; lastKnownFileType = sourcecode.swift; path = AppDelegate.swift; sourceTree = "<group>"; };
		C244E3C92911BD9B00995F49 /* SceneDelegate.swift */ = {isa = PBXFileReference; lastKnownFileType = sourcecode.swift; path = SceneDelegate.swift; sourceTree = "<group>"; };
		C244E3CB2911BD9B00995F49 /* ViewController.swift */ = {isa = PBXFileReference; lastKnownFileType = sourcecode.swift; path = ViewController.swift; sourceTree = "<group>"; };
		C244E3CE2911BD9B00995F49 /* Base */ = {isa = PBXFileReference; lastKnownFileType = file.storyboard; name = Base; path = Base.lproj/Main.storyboard; sourceTree = "<group>"; };
		C244E3D02911BDA200995F49 /* Assets.xcassets */ = {isa = PBXFileReference; lastKnownFileType = folder.assetcatalog; path = Assets.xcassets; sourceTree = "<group>"; };
		C244E3D32911BDA200995F49 /* Base */ = {isa = PBXFileReference; lastKnownFileType = file.storyboard; name = Base; path = Base.lproj/LaunchScreen.storyboard; sourceTree = "<group>"; };
		C244E3D52911BDA200995F49 /* Info.plist */ = {isa = PBXFileReference; lastKnownFileType = text.plist.xml; path = Info.plist; sourceTree = "<group>"; };
		C244E3DA2911BDA300995F49 /* ContactListTests.xctest */ = {isa = PBXFileReference; explicitFileType = wrapper.cfbundle; includeInIndex = 0; path = ContactListTests.xctest; sourceTree = BUILT_PRODUCTS_DIR; };
		C244E3DE2911BDA300995F49 /* ContactListTests.swift */ = {isa = PBXFileReference; lastKnownFileType = sourcecode.swift; path = ContactListTests.swift; sourceTree = "<group>"; };
		C244E3E42911BDA300995F49 /* ContactListUITests.xctest */ = {isa = PBXFileReference; explicitFileType = wrapper.cfbundle; includeInIndex = 0; path = ContactListUITests.xctest; sourceTree = BUILT_PRODUCTS_DIR; };
		C244E3E82911BDA300995F49 /* ContactListUITests.swift */ = {isa = PBXFileReference; lastKnownFileType = sourcecode.swift; path = ContactListUITests.swift; sourceTree = "<group>"; };
		C244E3EA2911BDA300995F49 /* ContactListUITestsLaunchTests.swift */ = {isa = PBXFileReference; lastKnownFileType = sourcecode.swift; path = ContactListUITestsLaunchTests.swift; sourceTree = "<group>"; };
		C244E3FD2911BF2D00995F49 /* PersonTests.swift */ = {isa = PBXFileReference; lastKnownFileType = sourcecode.swift; path = PersonTests.swift; sourceTree = "<group>"; };
		C244E3FF2918303200995F49 /* Person.swift */ = {isa = PBXFileReference; lastKnownFileType = sourcecode.swift; path = Person.swift; sourceTree = "<group>"; };
/* End PBXFileReference section */

/* Begin PBXFrameworksBuildPhase section */
		C244E3C12911BD9B00995F49 /* Frameworks */ = {
			isa = PBXFrameworksBuildPhase;
			buildActionMask = 2147483647;
			files = (
			);
			runOnlyForDeploymentPostprocessing = 0;
		};
		C244E3D72911BDA300995F49 /* Frameworks */ = {
			isa = PBXFrameworksBuildPhase;
			buildActionMask = 2147483647;
			files = (
			);
			runOnlyForDeploymentPostprocessing = 0;
		};
		C244E3E12911BDA300995F49 /* Frameworks */ = {
			isa = PBXFrameworksBuildPhase;
			buildActionMask = 2147483647;
			files = (
			);
			runOnlyForDeploymentPostprocessing = 0;
		};
/* End PBXFrameworksBuildPhase section */

/* Begin PBXGroup section */
		C244E3BB2911BD9B00995F49 = {
			isa = PBXGroup;
			children = (
				C244E3C62911BD9B00995F49 /* ContactList */,
				C244E3DD2911BDA300995F49 /* ContactListTests */,
				C244E3E72911BDA300995F49 /* ContactListUITests */,
				C244E3C52911BD9B00995F49 /* Products */,
			);
			sourceTree = "<group>";
		};
		C244E3C52911BD9B00995F49 /* Products */ = {
			isa = PBXGroup;
			children = (
				C244E3C42911BD9B00995F49 /* ContactList.app */,
				C244E3DA2911BDA300995F49 /* ContactListTests.xctest */,
				C244E3E42911BDA300995F49 /* ContactListUITests.xctest */,
			);
			name = Products;
			sourceTree = "<group>";
		};
		C244E3C62911BD9B00995F49 /* ContactList */ = {
			isa = PBXGroup;
			children = (
				C244E3D52911BDA200995F49 /* Info.plist */,
				C244E3F92911BDE600995F49 /* ViewConrollers */,
				C244E3FB2911BE5300995F49 /* Models */,
				C244E3F72911BDBA00995F49 /* Storyboards */,
				C244E3F82911BDD800995F49 /* Supporsts */,
				C244E3FA2911BE0800995F49 /* Sourse */,
			);
			path = ContactList;
			sourceTree = "<group>";
		};
		C244E3DD2911BDA300995F49 /* ContactListTests */ = {
			isa = PBXGroup;
			children = (
				C244E3FC2911BEF400995F49 /* Models */,
				C244E3DE2911BDA300995F49 /* ContactListTests.swift */,
			);
			path = ContactListTests;
			sourceTree = "<group>";
		};
		C244E3E72911BDA300995F49 /* ContactListUITests */ = {
			isa = PBXGroup;
			children = (
				C244E3E82911BDA300995F49 /* ContactListUITests.swift */,
				C244E3EA2911BDA300995F49 /* ContactListUITestsLaunchTests.swift */,
			);
			path = ContactListUITests;
			sourceTree = "<group>";
		};
		C244E3F72911BDBA00995F49 /* Storyboards */ = {
			isa = PBXGroup;
			children = (
				C244E3CD2911BD9B00995F49 /* Main.storyboard */,
				C244E3D22911BDA200995F49 /* LaunchScreen.storyboard */,
			);
			path = Storyboards;
			sourceTree = "<group>";
		};
		C244E3F82911BDD800995F49 /* Supporsts */ = {
			isa = PBXGroup;
			children = (
				C244E3C72911BD9B00995F49 /* AppDelegate.swift */,
				C244E3C92911BD9B00995F49 /* SceneDelegate.swift */,
			);
			path = Supporsts;
			sourceTree = "<group>";
		};
		C244E3F92911BDE600995F49 /* ViewConrollers */ = {
			isa = PBXGroup;
			children = (
				C244E3CB2911BD9B00995F49 /* ViewController.swift */,
			);
			path = ViewConrollers;
			sourceTree = "<group>";
		};
		C244E3FA2911BE0800995F49 /* Sourse */ = {
			isa = PBXGroup;
			children = (
				C244E3D02911BDA200995F49 /* Assets.xcassets */,
			);
			path = Sourse;
			sourceTree = "<group>";
		};
		C244E3FB2911BE5300995F49 /* Models */ = {
			isa = PBXGroup;
			children = (
				C244E3FF2918303200995F49 /* Person.swift */,
			);
			path = Models;
			sourceTree = "<group>";
		};
		C244E3FC2911BEF400995F49 /* Models */ = {
			isa = PBXGroup;
			children = (
				C244E3FD2911BF2D00995F49 /* PersonTests.swift */,
			);
			path = Models;
			sourceTree = "<group>";
		};
/* End PBXGroup section */

/* Begin PBXNativeTarget section */
		C244E3C32911BD9B00995F49 /* ContactList */ = {
			isa = PBXNativeTarget;
			buildConfigurationList = C244E3EE2911BDA300995F49 /* Build configuration list for PBXNativeTarget "ContactList" */;
			buildPhases = (
				C244E3C02911BD9B00995F49 /* Sources */,
				C244E3C12911BD9B00995F49 /* Frameworks */,
				C244E3C22911BD9B00995F49 /* Resources */,
			);
			buildRules = (
			);
			dependencies = (
			);
			name = ContactList;
			productName = ContactList;
			productReference = C244E3C42911BD9B00995F49 /* ContactList.app */;
			productType = "com.apple.product-type.application";
		};
		C244E3D92911BDA300995F49 /* ContactListTests */ = {
			isa = PBXNativeTarget;
			buildConfigurationList = C244E3F12911BDA300995F49 /* Build configuration list for PBXNativeTarget "ContactListTests" */;
			buildPhases = (
				C244E3D62911BDA300995F49 /* Sources */,
				C244E3D72911BDA300995F49 /* Frameworks */,
				C244E3D82911BDA300995F49 /* Resources */,
			);
			buildRules = (
			);
			dependencies = (
				C244E3DC2911BDA300995F49 /* PBXTargetDependency */,
			);
			name = ContactListTests;
			productName = ContactListTests;
			productReference = C244E3DA2911BDA300995F49 /* ContactListTests.xctest */;
			productType = "com.apple.product-type.bundle.unit-test";
		};
		C244E3E32911BDA300995F49 /* ContactListUITests */ = {
			isa = PBXNativeTarget;
			buildConfigurationList = C244E3F42911BDA300995F49 /* Build configuration list for PBXNativeTarget "ContactListUITests" */;
			buildPhases = (
				C244E3E02911BDA300995F49 /* Sources */,
				C244E3E12911BDA300995F49 /* Frameworks */,
				C244E3E22911BDA300995F49 /* Resources */,
			);
			buildRules = (
			);
			dependencies = (
				C244E3E62911BDA300995F49 /* PBXTargetDependency */,
			);
			name = ContactListUITests;
			productName = ContactListUITests;
			productReference = C244E3E42911BDA300995F49 /* ContactListUITests.xctest */;
			productType = "com.apple.product-type.bundle.ui-testing";
		};
/* End PBXNativeTarget section */

/* Begin PBXProject section */
		C244E3BC2911BD9B00995F49 /* Project object */ = {
			isa = PBXProject;
			attributes = {
				BuildIndependentTargetsInParallel = 1;
				LastSwiftUpdateCheck = 1400;
				LastUpgradeCheck = 1400;
				TargetAttributes = {
					C244E3C32911BD9B00995F49 = {
						CreatedOnToolsVersion = 14.0.1;
					};
					C244E3D92911BDA300995F49 = {
						CreatedOnToolsVersion = 14.0.1;
						TestTargetID = C244E3C32911BD9B00995F49;
					};
					C244E3E32911BDA300995F49 = {
						CreatedOnToolsVersion = 14.0.1;
						TestTargetID = C244E3C32911BD9B00995F49;
					};
				};
			};
			buildConfigurationList = C244E3BF2911BD9B00995F49 /* Build configuration list for PBXProject "ContactList" */;
			compatibilityVersion = "Xcode 14.0";
			developmentRegion = en;
			hasScannedForEncodings = 0;
			knownRegions = (
				en,
				Base,
			);
			mainGroup = C244E3BB2911BD9B00995F49;
			productRefGroup = C244E3C52911BD9B00995F49 /* Products */;
			projectDirPath = "";
			projectRoot = "";
			targets = (
				C244E3C32911BD9B00995F49 /* ContactList */,
				C244E3D92911BDA300995F49 /* ContactListTests */,
				C244E3E32911BDA300995F49 /* ContactListUITests */,
			);
		};
/* End PBXProject section */

/* Begin PBXResourcesBuildPhase section */
		C244E3C22911BD9B00995F49 /* Resources */ = {
			isa = PBXResourcesBuildPhase;
			buildActionMask = 2147483647;
			files = (
				C244E3D42911BDA200995F49 /* LaunchScreen.storyboard in Resources */,
				C244E3D12911BDA200995F49 /* Assets.xcassets in Resources */,
				C244E3CF2911BD9B00995F49 /* Main.storyboard in Resources */,
			);
			runOnlyForDeploymentPostprocessing = 0;
		};
		C244E3D82911BDA300995F49 /* Resources */ = {
			isa = PBXResourcesBuildPhase;
			buildActionMask = 2147483647;
			files = (
			);
			runOnlyForDeploymentPostprocessing = 0;
		};
		C244E3E22911BDA300995F49 /* Resources */ = {
			isa = PBXResourcesBuildPhase;
			buildActionMask = 2147483647;
			files = (
			);
			runOnlyForDeploymentPostprocessing = 0;
		};
/* End PBXResourcesBuildPhase section */

/* Begin PBXSourcesBuildPhase section */
		C244E3C02911BD9B00995F49 /* Sources */ = {
			isa = PBXSourcesBuildPhase;
			buildActionMask = 2147483647;
			files = (
				C244E3CC2911BD9B00995F49 /* ViewController.swift in Sources */,
				C244E3C82911BD9B00995F49 /* AppDelegate.swift in Sources */,
				C244E4002918303200995F49 /* Person.swift in Sources */,
				C244E3CA2911BD9B00995F49 /* SceneDelegate.swift in Sources */,
			);
			runOnlyForDeploymentPostprocessing = 0;
		};
		C244E3D62911BDA300995F49 /* Sources */ = {
			isa = PBXSourcesBuildPhase;
			buildActionMask = 2147483647;
			files = (
				C244E3FE2911BF2D00995F49 /* PersonTests.swift in Sources */,
				C244E3DF2911BDA300995F49 /* ContactListTests.swift in Sources */,
			);
			runOnlyForDeploymentPostprocessing = 0;
		};
		C244E3E02911BDA300995F49 /* Sources */ = {
			isa = PBXSourcesBuildPhase;
			buildActionMask = 2147483647;
			files = (
				C244E3E92911BDA300995F49 /* ContactListUITests.swift in Sources */,
				C244E3EB2911BDA300995F49 /* ContactListUITestsLaunchTests.swift in Sources */,
			);
			runOnlyForDeploymentPostprocessing = 0;
		};
/* End PBXSourcesBuildPhase section */

/* Begin PBXTargetDependency section */
		C244E3DC2911BDA300995F49 /* PBXTargetDependency */ = {
			isa = PBXTargetDependency;
			target = C244E3C32911BD9B00995F49 /* ContactList */;
			targetProxy = C244E3DB2911BDA300995F49 /* PBXContainerItemProxy */;
		};
		C244E3E62911BDA300995F49 /* PBXTargetDependency */ = {
			isa = PBXTargetDependency;
			target = C244E3C32911BD9B00995F49 /* ContactList */;
			targetProxy = C244E3E52911BDA300995F49 /* PBXContainerItemProxy */;
		};
/* End PBXTargetDependency section */

/* Begin PBXVariantGroup section */
		C244E3CD2911BD9B00995F49 /* Main.storyboard */ = {
			isa = PBXVariantGroup;
			children = (
				C244E3CE2911BD9B00995F49 /* Base */,
			);
			name = Main.storyboard;
			sourceTree = "<group>";
		};
		C244E3D22911BDA200995F49 /* LaunchScreen.storyboard */ = {
			isa = PBXVariantGroup;
			children = (
				C244E3D32911BDA200995F49 /* Base */,
			);
			name = LaunchScreen.storyboard;
			sourceTree = "<group>";
		};
/* End PBXVariantGroup section */

/* Begin XCBuildConfiguration section */
		C244E3EC2911BDA300995F49 /* Debug */ = {
			isa = XCBuildConfiguration;
			buildSettings = {
				ALWAYS_SEARCH_USER_PATHS = NO;
				CLANG_ANALYZER_NONNULL = YES;
				CLANG_ANALYZER_NUMBER_OBJECT_CONVERSION = YES_AGGRESSIVE;
				CLANG_CXX_LANGUAGE_STANDARD = "gnu++20";
				CLANG_ENABLE_MODULES = YES;
				CLANG_ENABLE_OBJC_ARC = YES;
				CLANG_ENABLE_OBJC_WEAK = YES;
				CLANG_WARN_BLOCK_CAPTURE_AUTORELEASING = YES;
				CLANG_WARN_BOOL_CONVERSION = YES;
				CLANG_WARN_COMMA = YES;
				CLANG_WARN_CONSTANT_CONVERSION = YES;
				CLANG_WARN_DEPRECATED_OBJC_IMPLEMENTATIONS = YES;
				CLANG_WARN_DIRECT_OBJC_ISA_USAGE = YES_ERROR;
				CLANG_WARN_DOCUMENTATION_COMMENTS = YES;
				CLANG_WARN_EMPTY_BODY = YES;
				CLANG_WARN_ENUM_CONVERSION = YES;
				CLANG_WARN_INFINITE_RECURSION = YES;
				CLANG_WARN_INT_CONVERSION = YES;
				CLANG_WARN_NON_LITERAL_NULL_CONVERSION = YES;
				CLANG_WARN_OBJC_IMPLICIT_RETAIN_SELF = YES;
				CLANG_WARN_OBJC_LITERAL_CONVERSION = YES;
				CLANG_WARN_OBJC_ROOT_CLASS = YES_ERROR;
				CLANG_WARN_QUOTED_INCLUDE_IN_FRAMEWORK_HEADER = YES;
				CLANG_WARN_RANGE_LOOP_ANALYSIS = YES;
				CLANG_WARN_STRICT_PROTOTYPES = YES;
				CLANG_WARN_SUSPICIOUS_MOVE = YES;
				CLANG_WARN_UNGUARDED_AVAILABILITY = YES_AGGRESSIVE;
				CLANG_WARN_UNREACHABLE_CODE = YES;
				CLANG_WARN__DUPLICATE_METHOD_MATCH = YES;
				COPY_PHASE_STRIP = NO;
				DEBUG_INFORMATION_FORMAT = dwarf;
				ENABLE_STRICT_OBJC_MSGSEND = YES;
				ENABLE_TESTABILITY = YES;
				GCC_C_LANGUAGE_STANDARD = gnu11;
				GCC_DYNAMIC_NO_PIC = NO;
				GCC_NO_COMMON_BLOCKS = YES;
				GCC_OPTIMIZATION_LEVEL = 0;
				GCC_PREPROCESSOR_DEFINITIONS = (
					"DEBUG=1",
					"$(inherited)",
				);
				GCC_WARN_64_TO_32_BIT_CONVERSION = YES;
				GCC_WARN_ABOUT_RETURN_TYPE = YES_ERROR;
				GCC_WARN_UNDECLARED_SELECTOR = YES;
				GCC_WARN_UNINITIALIZED_AUTOS = YES_AGGRESSIVE;
				GCC_WARN_UNUSED_FUNCTION = YES;
				GCC_WARN_UNUSED_VARIABLE = YES;
				IPHONEOS_DEPLOYMENT_TARGET = 15.6;
				MTL_ENABLE_DEBUG_INFO = INCLUDE_SOURCE;
				MTL_FAST_MATH = YES;
				ONLY_ACTIVE_ARCH = YES;
				SDKROOT = iphoneos;
				SWIFT_ACTIVE_COMPILATION_CONDITIONS = DEBUG;
				SWIFT_OPTIMIZATION_LEVEL = "-Onone";
			};
			name = Debug;
		};
		C244E3ED2911BDA300995F49 /* Release */ = {
			isa = XCBuildConfiguration;
			buildSettings = {
				ALWAYS_SEARCH_USER_PATHS = NO;
				CLANG_ANALYZER_NONNULL = YES;
				CLANG_ANALYZER_NUMBER_OBJECT_CONVERSION = YES_AGGRESSIVE;
				CLANG_CXX_LANGUAGE_STANDARD = "gnu++20";
				CLANG_ENABLE_MODULES = YES;
				CLANG_ENABLE_OBJC_ARC = YES;
				CLANG_ENABLE_OBJC_WEAK = YES;
				CLANG_WARN_BLOCK_CAPTURE_AUTORELEASING = YES;
				CLANG_WARN_BOOL_CONVERSION = YES;
				CLANG_WARN_COMMA = YES;
				CLANG_WARN_CONSTANT_CONVERSION = YES;
				CLANG_WARN_DEPRECATED_OBJC_IMPLEMENTATIONS = YES;
				CLANG_WARN_DIRECT_OBJC_ISA_USAGE = YES_ERROR;
				CLANG_WARN_DOCUMENTATION_COMMENTS = YES;
				CLANG_WARN_EMPTY_BODY = YES;
				CLANG_WARN_ENUM_CONVERSION = YES;
				CLANG_WARN_INFINITE_RECURSION = YES;
				CLANG_WARN_INT_CONVERSION = YES;
				CLANG_WARN_NON_LITERAL_NULL_CONVERSION = YES;
				CLANG_WARN_OBJC_IMPLICIT_RETAIN_SELF = YES;
				CLANG_WARN_OBJC_LITERAL_CONVERSION = YES;
				CLANG_WARN_OBJC_ROOT_CLASS = YES_ERROR;
				CLANG_WARN_QUOTED_INCLUDE_IN_FRAMEWORK_HEADER = YES;
				CLANG_WARN_RANGE_LOOP_ANALYSIS = YES;
				CLANG_WARN_STRICT_PROTOTYPES = YES;
				CLANG_WARN_SUSPICIOUS_MOVE = YES;
				CLANG_WARN_UNGUARDED_AVAILABILITY = YES_AGGRESSIVE;
				CLANG_WARN_UNREACHABLE_CODE = YES;
				CLANG_WARN__DUPLICATE_METHOD_MATCH = YES;
				COPY_PHASE_STRIP = NO;
				DEBUG_INFORMATION_FORMAT = "dwarf-with-dsym";
				ENABLE_NS_ASSERTIONS = NO;
				ENABLE_STRICT_OBJC_MSGSEND = YES;
				GCC_C_LANGUAGE_STANDARD = gnu11;
				GCC_NO_COMMON_BLOCKS = YES;
				GCC_WARN_64_TO_32_BIT_CONVERSION = YES;
				GCC_WARN_ABOUT_RETURN_TYPE = YES_ERROR;
				GCC_WARN_UNDECLARED_SELECTOR = YES;
				GCC_WARN_UNINITIALIZED_AUTOS = YES_AGGRESSIVE;
				GCC_WARN_UNUSED_FUNCTION = YES;
				GCC_WARN_UNUSED_VARIABLE = YES;
				IPHONEOS_DEPLOYMENT_TARGET = 15.6;
				MTL_ENABLE_DEBUG_INFO = NO;
				MTL_FAST_MATH = YES;
				SDKROOT = iphoneos;
				SWIFT_COMPILATION_MODE = wholemodule;
				SWIFT_OPTIMIZATION_LEVEL = "-O";
				VALIDATE_PRODUCT = YES;
			};
			name = Release;
		};
		C244E3EF2911BDA300995F49 /* Debug */ = {
			isa = XCBuildConfiguration;
			buildSettings = {
				ASSETCATALOG_COMPILER_APPICON_NAME = AppIcon;
				ASSETCATALOG_COMPILER_GLOBAL_ACCENT_COLOR_NAME = AccentColor;
				CODE_SIGN_STYLE = Automatic;
				CURRENT_PROJECT_VERSION = 1;
				DEVELOPMENT_TEAM = Q2L84UB3N5;
				GENERATE_INFOPLIST_FILE = YES;
				INFOPLIST_FILE = ContactList/Info.plist;
				INFOPLIST_KEY_UIApplicationSupportsIndirectInputEvents = YES;
				INFOPLIST_KEY_UILaunchStoryboardName = LaunchScreen;
				INFOPLIST_KEY_UIMainStoryboardFile = Main;
				INFOPLIST_KEY_UISupportedInterfaceOrientations_iPad = "UIInterfaceOrientationPortrait UIInterfaceOrientationPortraitUpsideDown UIInterfaceOrientationLandscapeLeft UIInterfaceOrientationLandscapeRight";
				INFOPLIST_KEY_UISupportedInterfaceOrientations_iPhone = "UIInterfaceOrientationPortrait UIInterfaceOrientationLandscapeLeft UIInterfaceOrientationLandscapeRight";
				IPHONEOS_DEPLOYMENT_TARGET = 15.6;
				LD_RUNPATH_SEARCH_PATHS = (
					"$(inherited)",
					"@executable_path/Frameworks",
				);
				MARKETING_VERSION = 1.0;
				PRODUCT_BUNDLE_IDENTIFIER = NL.ContactList;
				PRODUCT_NAME = "$(TARGET_NAME)";
				SWIFT_EMIT_LOC_STRINGS = YES;
				SWIFT_VERSION = 5.0;
				TARGETED_DEVICE_FAMILY = "1,2";
			};
			name = Debug;
		};
		C244E3F02911BDA300995F49 /* Release */ = {
			isa = XCBuildConfiguration;
			buildSettings = {
				ASSETCATALOG_COMPILER_APPICON_NAME = AppIcon;
				ASSETCATALOG_COMPILER_GLOBAL_ACCENT_COLOR_NAME = AccentColor;
				CODE_SIGN_STYLE = Automatic;
				CURRENT_PROJECT_VERSION = 1;
				DEVELOPMENT_TEAM = Q2L84UB3N5;
				GENERATE_INFOPLIST_FILE = YES;
				INFOPLIST_FILE = ContactList/Info.plist;
				INFOPLIST_KEY_UIApplicationSupportsIndirectInputEvents = YES;
				INFOPLIST_KEY_UILaunchStoryboardName = LaunchScreen;
				INFOPLIST_KEY_UIMainStoryboardFile = Main;
				INFOPLIST_KEY_UISupportedInterfaceOrientations_iPad = "UIInterfaceOrientationPortrait UIInterfaceOrientationPortraitUpsideDown UIInterfaceOrientationLandscapeLeft UIInterfaceOrientationLandscapeRight";
				INFOPLIST_KEY_UISupportedInterfaceOrientations_iPhone = "UIInterfaceOrientationPortrait UIInterfaceOrientationLandscapeLeft UIInterfaceOrientationLandscapeRight";
				IPHONEOS_DEPLOYMENT_TARGET = 15.6;
				LD_RUNPATH_SEARCH_PATHS = (
					"$(inherited)",
					"@executable_path/Frameworks",
				);
				MARKETING_VERSION = 1.0;
				PRODUCT_BUNDLE_IDENTIFIER = NL.ContactList;
				PRODUCT_NAME = "$(TARGET_NAME)";
				SWIFT_EMIT_LOC_STRINGS = YES;
				SWIFT_VERSION = 5.0;
				TARGETED_DEVICE_FAMILY = "1,2";
			};
			name = Release;
		};
		C244E3F22911BDA300995F49 /* Debug */ = {
			isa = XCBuildConfiguration;
			buildSettings = {
				ALWAYS_EMBED_SWIFT_STANDARD_LIBRARIES = YES;
				BUNDLE_LOADER = "$(TEST_HOST)";
				CODE_SIGN_STYLE = Automatic;
				CURRENT_PROJECT_VERSION = 1;
				DEVELOPMENT_TEAM = Q2L84UB3N5;
				GENERATE_INFOPLIST_FILE = YES;
				IPHONEOS_DEPLOYMENT_TARGET = 16.0;
				MARKETING_VERSION = 1.0;
				PRODUCT_BUNDLE_IDENTIFIER = NL.ContactListTests;
				PRODUCT_NAME = "$(TARGET_NAME)";
				SWIFT_EMIT_LOC_STRINGS = NO;
				SWIFT_VERSION = 5.0;
				TARGETED_DEVICE_FAMILY = "1,2";
				TEST_HOST = "$(BUILT_PRODUCTS_DIR)/ContactList.app/$(BUNDLE_EXECUTABLE_FOLDER_PATH)/ContactList";
			};
			name = Debug;
		};
		C244E3F32911BDA300995F49 /* Release */ = {
			isa = XCBuildConfiguration;
			buildSettings = {
				ALWAYS_EMBED_SWIFT_STANDARD_LIBRARIES = YES;
				BUNDLE_LOADER = "$(TEST_HOST)";
				CODE_SIGN_STYLE = Automatic;
				CURRENT_PROJECT_VERSION = 1;
				DEVELOPMENT_TEAM = Q2L84UB3N5;
				GENERATE_INFOPLIST_FILE = YES;
				IPHONEOS_DEPLOYMENT_TARGET = 16.0;
				MARKETING_VERSION = 1.0;
				PRODUCT_BUNDLE_IDENTIFIER = NL.ContactListTests;
				PRODUCT_NAME = "$(TARGET_NAME)";
				SWIFT_EMIT_LOC_STRINGS = NO;
				SWIFT_VERSION = 5.0;
				TARGETED_DEVICE_FAMILY = "1,2";
				TEST_HOST = "$(BUILT_PRODUCTS_DIR)/ContactList.app/$(BUNDLE_EXECUTABLE_FOLDER_PATH)/ContactList";
			};
			name = Release;
		};
		C244E3F52911BDA300995F49 /* Debug */ = {
			isa = XCBuildConfiguration;
			buildSettings = {
				ALWAYS_EMBED_SWIFT_STANDARD_LIBRARIES = YES;
				CODE_SIGN_STYLE = Automatic;
				CURRENT_PROJECT_VERSION = 1;
				DEVELOPMENT_TEAM = Q2L84UB3N5;
				GENERATE_INFOPLIST_FILE = YES;
				MARKETING_VERSION = 1.0;
				PRODUCT_BUNDLE_IDENTIFIER = NL.ContactListUITests;
				PRODUCT_NAME = "$(TARGET_NAME)";
				SWIFT_EMIT_LOC_STRINGS = NO;
				SWIFT_VERSION = 5.0;
				TARGETED_DEVICE_FAMILY = "1,2";
				TEST_TARGET_NAME = ContactList;
			};
			name = Debug;
		};
		C244E3F62911BDA300995F49 /* Release */ = {
			isa = XCBuildConfiguration;
			buildSettings = {
				ALWAYS_EMBED_SWIFT_STANDARD_LIBRARIES = YES;
				CODE_SIGN_STYLE = Automatic;
				CURRENT_PROJECT_VERSION = 1;
				DEVELOPMENT_TEAM = Q2L84UB3N5;
				GENERATE_INFOPLIST_FILE = YES;
				MARKETING_VERSION = 1.0;
				PRODUCT_BUNDLE_IDENTIFIER = NL.ContactListUITests;
				PRODUCT_NAME = "$(TARGET_NAME)";
				SWIFT_EMIT_LOC_STRINGS = NO;
				SWIFT_VERSION = 5.0;
				TARGETED_DEVICE_FAMILY = "1,2";
				TEST_TARGET_NAME = ContactList;
			};
			name = Release;
		};
/* End XCBuildConfiguration section */

/* Begin XCConfigurationList section */
		C244E3BF2911BD9B00995F49 /* Build configuration list for PBXProject "ContactList" */ = {
			isa = XCConfigurationList;
			buildConfigurations = (
				C244E3EC2911BDA300995F49 /* Debug */,
				C244E3ED2911BDA300995F49 /* Release */,
			);
			defaultConfigurationIsVisible = 0;
			defaultConfigurationName = Release;
		};
		C244E3EE2911BDA300995F49 /* Build configuration list for PBXNativeTarget "ContactList" */ = {
			isa = XCConfigurationList;
			buildConfigurations = (
				C244E3EF2911BDA300995F49 /* Debug */,
				C244E3F02911BDA300995F49 /* Release */,
			);
			defaultConfigurationIsVisible = 0;
			defaultConfigurationName = Release;
		};
		C244E3F12911BDA300995F49 /* Build configuration list for PBXNativeTarget "ContactListTests" */ = {
			isa = XCConfigurationList;
			buildConfigurations = (
				C244E3F22911BDA300995F49 /* Debug */,
				C244E3F32911BDA300995F49 /* Release */,
			);
			defaultConfigurationIsVisible = 0;
			defaultConfigurationName = Release;
		};
		C244E3F42911BDA300995F49 /* Build configuration list for PBXNativeTarget "ContactListUITests" */ = {
			isa = XCConfigurationList;
			buildConfigurations = (
				C244E3F52911BDA300995F49 /* Debug */,
				C244E3F62911BDA300995F49 /* Release */,
			);
			defaultConfigurationIsVisible = 0;
			defaultConfigurationName = Release;
		};
/* End XCConfigurationList section */
	};
	rootObject = C244E3BC2911BD9B00995F49 /* Project object */;
}
